
Microsoft Visual Studio Solution File, Format Version 12.00
# Visual Studio Version 16
VisualStudioVersion = 16.0.31702.278
MinimumVisualStudioVersion = 10.0.40219.1
Project("{FAE04EC0-301F-11D3-BF4B-00C04F79EFBC}") = "CheckIDNo", "CheckIDNo\CheckIDNo.csproj", "{4BA129D2-B834-414F-94A4-6DF304413F40}"
EndProject
Global
	GlobalSection(SolutionConfigurationPlatforms) = preSolution
		Debug|Any CPU = Debug|Any CPU
		Release|Any CPU = Release|Any CPU
	EndGlobalSection
	GlobalSection(ProjectConfigurationPlatforms) = postSolution
		{4BA129D2-B834-414F-94A4-6DF304413F40}.Debug|Any CPU.ActiveCfg = Debug|Any CPU
		{4BA129D2-B834-414F-94A4-6DF304413F40}.Debug|Any CPU.Build.0 = Debug|Any CPU
		{4BA129D2-B834-414F-94A4-6DF304413F40}.Release|Any CPU.ActiveCfg = Release|Any CPU
		{4BA129D2-B834-414F-94A4-6DF304413F40}.Release|Any CPU.Build.0 = Release|Any CPU
	EndGlobalSection
	GlobalSection(SolutionProperties) = preSolution
		HideSolutionNode = FALSE
	EndGlobalSection
	GlobalSection(ExtensibilityGlobals) = postSolution
		SolutionGuid = {6CBF9F6E-D77C-4F77-B82A-32AB960CA0C6}
	EndGlobalSection
EndGlobal
